
Microsoft Visual Studio Solution File, Format Version 12.00
# Visual Studio 15
VisualStudioVersion = 15.0.28307.960
MinimumVisualStudioVersion = 10.0.40219.1
Project("{9092AA53-FB77-4645-B42D-1CCCA6BD08BD}") = "Electron-HelloWorld", "Electron-HelloWorld\Electron-HelloWorld.njsproj", "{A77598EE-B1AA-4595-853E-ED06AAEE3B58}"
EndProject
Global
	GlobalSection(SolutionConfigurationPlatforms) = preSolution
		Debug|Any CPU = Debug|Any CPU
		Release|Any CPU = Release|Any CPU
	EndGlobalSection
	GlobalSection(ProjectConfigurationPlatforms) = postSolution
		{A77598EE-B1AA-4595-853E-ED06AAEE3B58}.Debug|Any CPU.ActiveCfg = Debug|Any CPU
		{A77598EE-B1AA-4595-853E-ED06AAEE3B58}.Debug|Any CPU.Build.0 = Debug|Any CPU
		{A77598EE-B1AA-4595-853E-ED06AAEE3B58}.Release|Any CPU.ActiveCfg = Release|Any CPU
		{A77598EE-B1AA-4595-853E-ED06AAEE3B58}.Release|Any CPU.Build.0 = Release|Any CPU
	EndGlobalSection
	GlobalSection(SolutionProperties) = preSolution
		HideSolutionNode = FALSE
	EndGlobalSection
	GlobalSection(ExtensibilityGlobals) = postSolution
		SolutionGuid = {D773E2A2-5B1D-4B94-9D93-7B28EC0CA709}
	EndGlobalSection
EndGlobal
